// !$*UTF8*$!
{
	archiveVersion = 1;
	classes = {
	};
	objectVersion = 77;
	objects = {

/* Begin PBXBuildFile section */
		D1502DDE2D6F9EF200AC1091 /* DGCharts in Frameworks */ = {isa = PBXBuildFile; productRef = D1502DDD2D6F9EF200AC1091 /* DGCharts */; };
		D1502E5C2D718DD500AC1091 /* SDWebImageSVGCoder in Frameworks */ = {isa = PBXBuildFile; productRef = D1502E5B2D718DD500AC1091 /* SDWebImageSVGCoder */; };
/* End PBXBuildFile section */

/* Begin PBXContainerItemProxy section */
		D1D5A1E02D689FE5000692F8 /* PBXContainerItemProxy */ = {
			isa = PBXContainerItemProxy;
			containerPortal = D1D5A1BE2D689FE3000692F8 /* Project object */;
			proxyType = 1;
			remoteGlobalIDString = D1D5A1C52D689FE3000692F8;
			remoteInfo = CryptoRank;
		};
		D1D5A1EA2D689FE5000692F8 /* PBXContainerItemProxy */ = {
			isa = PBXContainerItemProxy;
			containerPortal = D1D5A1BE2D689FE3000692F8 /* Project object */;
			proxyType = 1;
			remoteGlobalIDString = D1D5A1C52D689FE3000692F8;
			remoteInfo = CryptoRank;
		};
/* End PBXContainerItemProxy section */

/* Begin PBXCopyFilesBuildPhase section */
		D16EE2C92D68A2E200FE0B90 /* Embed Frameworks */ = {
			isa = PBXCopyFilesBuildPhase;
			buildActionMask = 2147483647;
			dstPath = "";
			dstSubfolderSpec = 10;
			files = (
			);
			name = "Embed Frameworks";
			runOnlyForDeploymentPostprocessing = 0;
		};
/* End PBXCopyFilesBuildPhase section */

/* Begin PBXFileReference section */
		D1D5A1C62D689FE3000692F8 /* CryptoRank.app */ = {isa = PBXFileReference; explicitFileType = wrapper.application; includeInIndex = 0; path = CryptoRank.app; sourceTree = BUILT_PRODUCTS_DIR; };
		D1D5A1DF2D689FE5000692F8 /* CryptoRankTests.xctest */ = {isa = PBXFileReference; explicitFileType = wrapper.cfbundle; includeInIndex = 0; path = CryptoRankTests.xctest; sourceTree = BUILT_PRODUCTS_DIR; };
		D1D5A1E92D689FE5000692F8 /* CryptoRankUITests.xctest */ = {isa = PBXFileReference; explicitFileType = wrapper.cfbundle; includeInIndex = 0; path = CryptoRankUITests.xctest; sourceTree = BUILT_PRODUCTS_DIR; };
/* End PBXFileReference section */

/* Begin PBXFileSystemSynchronizedBuildFileExceptionSet section */
		D1D5A1F12D689FE5000692F8 /* Exceptions for "CryptoRank" folder in "CryptoRank" target */ = {
			isa = PBXFileSystemSynchronizedBuildFileExceptionSet;
			membershipExceptions = (
				Info.plist,
			);
			target = D1D5A1C52D689FE3000692F8 /* CryptoRank */;
		};
/* End PBXFileSystemSynchronizedBuildFileExceptionSet section */

/* Begin PBXFileSystemSynchronizedRootGroup section */
		D1D5A1C82D689FE3000692F8 /* CryptoRank */ = {
			isa = PBXFileSystemSynchronizedRootGroup;
			exceptions = (
				D1D5A1F12D689FE5000692F8 /* Exceptions for "CryptoRank" folder in "CryptoRank" target */,
			);
			path = CryptoRank;
			sourceTree = "<group>";
		};
		D1D5A1E22D689FE5000692F8 /* CryptoRankTests */ = {
			isa = PBXFileSystemSynchronizedRootGroup;
			path = CryptoRankTests;
			sourceTree = "<group>";
		};
		D1D5A1EC2D689FE5000692F8 /* CryptoRankUITests */ = {
			isa = PBXFileSystemSynchronizedRootGroup;
			path = CryptoRankUITests;
			sourceTree = "<group>";
		};
/* End PBXFileSystemSynchronizedRootGroup section */

/* Begin PBXFrameworksBuildPhase section */
		D1D5A1C32D689FE3000692F8 /* Frameworks */ = {
			isa = PBXFrameworksBuildPhase;
			buildActionMask = 2147483647;
			files = (
				D1502DDE2D6F9EF200AC1091 /* DGCharts in Frameworks */,
				D1502E5C2D718DD500AC1091 /* SDWebImageSVGCoder in Frameworks */,
			);
			runOnlyForDeploymentPostprocessing = 0;
		};
		D1D5A1DC2D689FE5000692F8 /* Frameworks */ = {
			isa = PBXFrameworksBuildPhase;
			buildActionMask = 2147483647;
			files = (
			);
			runOnlyForDeploymentPostprocessing = 0;
		};
		D1D5A1E62D689FE5000692F8 /* Frameworks */ = {
			isa = PBXFrameworksBuildPhase;
			buildActionMask = 2147483647;
			files = (
			);
			runOnlyForDeploymentPostprocessing = 0;
		};
/* End PBXFrameworksBuildPhase section */

/* Begin PBXGroup section */
		D1D5A1BD2D689FE3000692F8 = {
			isa = PBXGroup;
			children = (
				D1D5A1C82D689FE3000692F8 /* CryptoRank */,
				D1D5A1E22D689FE5000692F8 /* CryptoRankTests */,
				D1D5A1EC2D689FE5000692F8 /* CryptoRankUITests */,
				D1D5A1C72D689FE3000692F8 /* Products */,
			);
			sourceTree = "<group>";
		};
		D1D5A1C72D689FE3000692F8 /* Products */ = {
			isa = PBXGroup;
			children = (
				D1D5A1C62D689FE3000692F8 /* CryptoRank.app */,
				D1D5A1DF2D689FE5000692F8 /* CryptoRankTests.xctest */,
				D1D5A1E92D689FE5000692F8 /* CryptoRankUITests.xctest */,
			);
			name = Products;
			sourceTree = "<group>";
		};
/* End PBXGroup section */

/* Begin PBXNativeTarget section */
		D1D5A1C52D689FE3000692F8 /* CryptoRank */ = {
			isa = PBXNativeTarget;
			buildConfigurationList = D1D5A1F22D689FE5000692F8 /* Build configuration list for PBXNativeTarget "CryptoRank" */;
			buildPhases = (
				D1D5A1C22D689FE3000692F8 /* Sources */,
				D1D5A1C32D689FE3000692F8 /* Frameworks */,
				D1D5A1C42D689FE3000692F8 /* Resources */,
				D16EE2C92D68A2E200FE0B90 /* Embed Frameworks */,
			);
			buildRules = (
			);
			dependencies = (
				D15631D22D72FBD100572534 /* PBXTargetDependency */,
			);
			fileSystemSynchronizedGroups = (
				D1D5A1C82D689FE3000692F8 /* CryptoRank */,
			);
			name = CryptoRank;
			packageProductDependencies = (
				D1502DDD2D6F9EF200AC1091 /* DGCharts */,
				D1502E5B2D718DD500AC1091 /* SDWebImageSVGCoder */,
			);
			productName = CryptoRank;
			productReference = D1D5A1C62D689FE3000692F8 /* CryptoRank.app */;
			productType = "com.apple.product-type.application";
		};
		D1D5A1DE2D689FE5000692F8 /* CryptoRankTests */ = {
			isa = PBXNativeTarget;
			buildConfigurationList = D1D5A1F72D689FE5000692F8 /* Build configuration list for PBXNativeTarget "CryptoRankTests" */;
			buildPhases = (
				D1D5A1DB2D689FE5000692F8 /* Sources */,
				D1D5A1DC2D689FE5000692F8 /* Frameworks */,
				D1D5A1DD2D689FE5000692F8 /* Resources */,
			);
			buildRules = (
			);
			dependencies = (
				D1D5A1E12D689FE5000692F8 /* PBXTargetDependency */,
			);
			fileSystemSynchronizedGroups = (
				D1D5A1E22D689FE5000692F8 /* CryptoRankTests */,
			);
			name = CryptoRankTests;
			packageProductDependencies = (
			);
			productName = CryptoRankTests;
			productReference = D1D5A1DF2D689FE5000692F8 /* CryptoRankTests.xctest */;
			productType = "com.apple.product-type.bundle.unit-test";
		};
		D1D5A1E82D689FE5000692F8 /* CryptoRankUITests */ = {
			isa = PBXNativeTarget;
			buildConfigurationList = D1D5A1FA2D689FE5000692F8 /* Build configuration list for PBXNativeTarget "CryptoRankUITests" */;
			buildPhases = (
				D1D5A1E52D689FE5000692F8 /* Sources */,
				D1D5A1E62D689FE5000692F8 /* Frameworks */,
				D1D5A1E72D689FE5000692F8 /* Resources */,
			);
			buildRules = (
			);
			dependencies = (
				D1D5A1EB2D689FE5000692F8 /* PBXTargetDependency */,
			);
			fileSystemSynchronizedGroups = (
				D1D5A1EC2D689FE5000692F8 /* CryptoRankUITests */,
			);
			name = CryptoRankUITests;
			packageProductDependencies = (
			);
			productName = CryptoRankUITests;
			productReference = D1D5A1E92D689FE5000692F8 /* CryptoRankUITests.xctest */;
			productType = "com.apple.product-type.bundle.ui-testing";
		};
/* End PBXNativeTarget section */

/* Begin PBXProject section */
		D1D5A1BE2D689FE3000692F8 /* Project object */ = {
			isa = PBXProject;
			attributes = {
				BuildIndependentTargetsInParallel = 1;
				LastSwiftUpdateCheck = 1620;
				LastUpgradeCheck = 1620;
				TargetAttributes = {
					D1D5A1C52D689FE3000692F8 = {
						CreatedOnToolsVersion = 16.2;
					};
					D1D5A1DE2D689FE5000692F8 = {
						CreatedOnToolsVersion = 16.2;
						TestTargetID = D1D5A1C52D689FE3000692F8;
					};
					D1D5A1E82D689FE5000692F8 = {
						CreatedOnToolsVersion = 16.2;
						TestTargetID = D1D5A1C52D689FE3000692F8;
					};
				};
			};
			buildConfigurationList = D1D5A1C12D689FE3000692F8 /* Build configuration list for PBXProject "CryptoRank" */;
			developmentRegion = en;
			hasScannedForEncodings = 0;
			knownRegions = (
				en,
				Base,
			);
			mainGroup = D1D5A1BD2D689FE3000692F8;
			minimizedProjectReferenceProxies = 1;
			packageReferences = (
				D1502DDC2D6F9EF200AC1091 /* XCRemoteSwiftPackageReference "Charts" */,
				D1502E5A2D718DD500AC1091 /* XCRemoteSwiftPackageReference "SDWebImageSVGCoder" */,
				D15631D02D72FBB300572534 /* XCRemoteSwiftPackageReference "xcstrings-tool-plugin" */,
			);
			preferredProjectObjectVersion = 77;
			productRefGroup = D1D5A1C72D689FE3000692F8 /* Products */;
			projectDirPath = "";
			projectRoot = "";
			targets = (
				D1D5A1C52D689FE3000692F8 /* CryptoRank */,
				D1D5A1DE2D689FE5000692F8 /* CryptoRankTests */,
				D1D5A1E82D689FE5000692F8 /* CryptoRankUITests */,
			);
		};
/* End PBXProject section */

/* Begin PBXResourcesBuildPhase section */
		D1D5A1C42D689FE3000692F8 /* Resources */ = {
			isa = PBXResourcesBuildPhase;
			buildActionMask = 2147483647;
			files = (
			);
			runOnlyForDeploymentPostprocessing = 0;
		};
		D1D5A1DD2D689FE5000692F8 /* Resources */ = {
			isa = PBXResourcesBuildPhase;
			buildActionMask = 2147483647;
			files = (
			);
			runOnlyForDeploymentPostprocessing = 0;
		};
		D1D5A1E72D689FE5000692F8 /* Resources */ = {
			isa = PBXResourcesBuildPhase;
			buildActionMask = 2147483647;
			files = (
			);
			runOnlyForDeploymentPostprocessing = 0;
		};
/* End PBXResourcesBuildPhase section */

/* Begin PBXSourcesBuildPhase section */
		D1D5A1C22D689FE3000692F8 /* Sources */ = {
			isa = PBXSourcesBuildPhase;
			buildActionMask = 2147483647;
			files = (
			);
			runOnlyForDeploymentPostprocessing = 0;
		};
		D1D5A1DB2D689FE5000692F8 /* Sources */ = {
			isa = PBXSourcesBuildPhase;
			buildActionMask = 2147483647;
			files = (
			);
			runOnlyForDeploymentPostprocessing = 0;
		};
		D1D5A1E52D689FE5000692F8 /* Sources */ = {
			isa = PBXSourcesBuildPhase;
			buildActionMask = 2147483647;
			files = (
			);
			runOnlyForDeploymentPostprocessing = 0;
		};
/* End PBXSourcesBuildPhase section */

/* Begin PBXTargetDependency section */
		D15631D22D72FBD100572534 /* PBXTargetDependency */ = {
			isa = PBXTargetDependency;
			productRef = D15631D12D72FBD100572534 /* XCStringsToolPlugin */;
		};
		D1D5A1E12D689FE5000692F8 /* PBXTargetDependency */ = {
			isa = PBXTargetDependency;
			target = D1D5A1C52D689FE3000692F8 /* CryptoRank */;
			targetProxy = D1D5A1E02D689FE5000692F8 /* PBXContainerItemProxy */;
		};
		D1D5A1EB2D689FE5000692F8 /* PBXTargetDependency */ = {
			isa = PBXTargetDependency;
			target = D1D5A1C52D689FE3000692F8 /* CryptoRank */;
			targetProxy = D1D5A1EA2D689FE5000692F8 /* PBXContainerItemProxy */;
		};
/* End PBXTargetDependency section */

/* Begin XCBuildConfiguration section */
		D1D5A1F32D689FE5000692F8 /* Debug */ = {
			isa = XCBuildConfiguration;
			buildSettings = {
				ASSETCATALOG_COMPILER_APPICON_NAME = AppIcon;
				ASSETCATALOG_COMPILER_GLOBAL_ACCENT_COLOR_NAME = AccentColor;
				CODE_SIGN_STYLE = Automatic;
				CURRENT_PROJECT_VERSION = 1;
				DEVELOPMENT_TEAM = T8PGL5ANW7;
				GENERATE_INFOPLIST_FILE = YES;
				INFOPLIST_FILE = CryptoRank/Info.plist;
				INFOPLIST_KEY_CFBundleDisplayName = "Crypto Rank";
				INFOPLIST_KEY_UIApplicationSupportsIndirectInputEvents = YES;
				INFOPLIST_KEY_UILaunchStoryboardName = LaunchScreen;
				INFOPLIST_KEY_UISupportedInterfaceOrientations = UIInterfaceOrientationPortrait;
				INFOPLIST_KEY_UISupportedInterfaceOrientations_iPad = "UIInterfaceOrientationLandscapeLeft UIInterfaceOrientationLandscapeRight UIInterfaceOrientationPortrait UIInterfaceOrientationPortraitUpsideDown";
				IPHONEOS_DEPLOYMENT_TARGET = 13.0;
				LD_RUNPATH_SEARCH_PATHS = (
					"$(inherited)",
					"@executable_path/Frameworks",
				);
				MARKETING_VERSION = 1.0;
				PRODUCT_BUNDLE_IDENTIFIER = com.dmuhia.ios.cryptorank;
				PRODUCT_NAME = "$(TARGET_NAME)";
				SUPPORTED_PLATFORMS = "iphoneos iphonesimulator";
				SUPPORTS_MACCATALYST = NO;
				SUPPORTS_MAC_DESIGNED_FOR_IPHONE_IPAD = NO;
				SUPPORTS_XR_DESIGNED_FOR_IPHONE_IPAD = NO;
				SWIFT_EMIT_LOC_STRINGS = YES;
				SWIFT_VERSION = 5.0;
				TARGETED_DEVICE_FAMILY = "1,2";
			};
			name = Debug;
		};
		D1D5A1F42D689FE5000692F8 /* Release */ = {
			isa = XCBuildConfiguration;
			buildSettings = {
				ASSETCATALOG_COMPILER_APPICON_NAME = AppIcon;
				ASSETCATALOG_COMPILER_GLOBAL_ACCENT_COLOR_NAME = AccentColor;
				CODE_SIGN_STYLE = Automatic;
				CURRENT_PROJECT_VERSION = 1;
				DEVELOPMENT_TEAM = T8PGL5ANW7;
				GENERATE_INFOPLIST_FILE = YES;
				INFOPLIST_FILE = CryptoRank/Info.plist;
				INFOPLIST_KEY_CFBundleDisplayName = "Crypto Rank";
				INFOPLIST_KEY_UIApplicationSupportsIndirectInputEvents = YES;
				INFOPLIST_KEY_UILaunchStoryboardName = LaunchScreen;
				INFOPLIST_KEY_UISupportedInterfaceOrientations = UIInterfaceOrientationPortrait;
				INFOPLIST_KEY_UISupportedInterfaceOrientations_iPad = "UIInterfaceOrientationLandscapeLeft UIInterfaceOrientationLandscapeRight UIInterfaceOrientationPortrait UIInterfaceOrientationPortraitUpsideDown";
				IPHONEOS_DEPLOYMENT_TARGET = 13.0;
				LD_RUNPATH_SEARCH_PATHS = (
					"$(inherited)",
					"@executable_path/Frameworks",
				);
				MARKETING_VERSION = 1.0;
				PRODUCT_BUNDLE_IDENTIFIER = com.dmuhia.ios.cryptorank;
				PRODUCT_NAME = "$(TARGET_NAME)";
				SUPPORTED_PLATFORMS = "iphoneos iphonesimulator";
				SUPPORTS_MACCATALYST = NO;
				SUPPORTS_MAC_DESIGNED_FOR_IPHONE_IPAD = NO;
				SUPPORTS_XR_DESIGNED_FOR_IPHONE_IPAD = NO;
				SWIFT_EMIT_LOC_STRINGS = YES;
				SWIFT_VERSION = 5.0;
				TARGETED_DEVICE_FAMILY = "1,2";
			};
			name = Release;
		};
		D1D5A1F52D689FE5000692F8 /* Debug */ = {
			isa = XCBuildConfiguration;
			buildSettings = {
				ALWAYS_SEARCH_USER_PATHS = NO;
				ASSETCATALOG_COMPILER_GENERATE_SWIFT_ASSET_SYMBOL_EXTENSIONS = YES;
				CLANG_ANALYZER_NONNULL = YES;
				CLANG_ANALYZER_NUMBER_OBJECT_CONVERSION = YES_AGGRESSIVE;
				CLANG_CXX_LANGUAGE_STANDARD = "gnu++20";
				CLANG_ENABLE_MODULES = YES;
				CLANG_ENABLE_OBJC_ARC = YES;
				CLANG_ENABLE_OBJC_WEAK = YES;
				CLANG_WARN_BLOCK_CAPTURE_AUTORELEASING = YES;
				CLANG_WARN_BOOL_CONVERSION = YES;
				CLANG_WARN_COMMA = YES;
				CLANG_WARN_CONSTANT_CONVERSION = YES;
				CLANG_WARN_DEPRECATED_OBJC_IMPLEMENTATIONS = YES;
				CLANG_WARN_DIRECT_OBJC_ISA_USAGE = YES_ERROR;
				CLANG_WARN_DOCUMENTATION_COMMENTS = YES;
				CLANG_WARN_EMPTY_BODY = YES;
				CLANG_WARN_ENUM_CONVERSION = YES;
				CLANG_WARN_INFINITE_RECURSION = YES;
				CLANG_WARN_INT_CONVERSION = YES;
				CLANG_WARN_NON_LITERAL_NULL_CONVERSION = YES;
				CLANG_WARN_OBJC_IMPLICIT_RETAIN_SELF = YES;
				CLANG_WARN_OBJC_LITERAL_CONVERSION = YES;
				CLANG_WARN_OBJC_ROOT_CLASS = YES_ERROR;
				CLANG_WARN_QUOTED_INCLUDE_IN_FRAMEWORK_HEADER = YES;
				CLANG_WARN_RANGE_LOOP_ANALYSIS = YES;
				CLANG_WARN_STRICT_PROTOTYPES = YES;
				CLANG_WARN_SUSPICIOUS_MOVE = YES;
				CLANG_WARN_UNGUARDED_AVAILABILITY = YES_AGGRESSIVE;
				CLANG_WARN_UNREACHABLE_CODE = YES;
				CLANG_WARN__DUPLICATE_METHOD_MATCH = YES;
				COPY_PHASE_STRIP = NO;
				DEBUG_INFORMATION_FORMAT = dwarf;
				ENABLE_STRICT_OBJC_MSGSEND = YES;
				ENABLE_TESTABILITY = YES;
				ENABLE_USER_SCRIPT_SANDBOXING = NO;
				GCC_C_LANGUAGE_STANDARD = gnu17;
				GCC_DYNAMIC_NO_PIC = NO;
				GCC_NO_COMMON_BLOCKS = YES;
				GCC_OPTIMIZATION_LEVEL = 0;
				GCC_PREPROCESSOR_DEFINITIONS = (
					"DEBUG=1",
					"$(inherited)",
				);
				GCC_WARN_64_TO_32_BIT_CONVERSION = YES;
				GCC_WARN_ABOUT_RETURN_TYPE = YES_ERROR;
				GCC_WARN_UNDECLARED_SELECTOR = YES;
				GCC_WARN_UNINITIALIZED_AUTOS = YES_AGGRESSIVE;
				GCC_WARN_UNUSED_FUNCTION = YES;
				GCC_WARN_UNUSED_VARIABLE = YES;
				IPHONEOS_DEPLOYMENT_TARGET = 18.2;
				LOCALIZATION_PREFERS_STRING_CATALOGS = YES;
				MTL_ENABLE_DEBUG_INFO = INCLUDE_SOURCE;
				MTL_FAST_MATH = YES;
				ONLY_ACTIVE_ARCH = YES;
				SDKROOT = iphoneos;
				SWIFT_ACTIVE_COMPILATION_CONDITIONS = "DEBUG $(inherited)";
				SWIFT_EMIT_LOC_STRINGS = YES;
				SWIFT_OPTIMIZATION_LEVEL = "-Onone";
			};
			name = Debug;
		};
		D1D5A1F62D689FE5000692F8 /* Release */ = {
			isa = XCBuildConfiguration;
			buildSettings = {
				ALWAYS_SEARCH_USER_PATHS = NO;
				ASSETCATALOG_COMPILER_GENERATE_SWIFT_ASSET_SYMBOL_EXTENSIONS = YES;
				CLANG_ANALYZER_NONNULL = YES;
				CLANG_ANALYZER_NUMBER_OBJECT_CONVERSION = YES_AGGRESSIVE;
				CLANG_CXX_LANGUAGE_STANDARD = "gnu++20";
				CLANG_ENABLE_MODULES = YES;
				CLANG_ENABLE_OBJC_ARC = YES;
				CLANG_ENABLE_OBJC_WEAK = YES;
				CLANG_WARN_BLOCK_CAPTURE_AUTORELEASING = YES;
				CLANG_WARN_BOOL_CONVERSION = YES;
				CLANG_WARN_COMMA = YES;
				CLANG_WARN_CONSTANT_CONVERSION = YES;
				CLANG_WARN_DEPRECATED_OBJC_IMPLEMENTATIONS = YES;
				CLANG_WARN_DIRECT_OBJC_ISA_USAGE = YES_ERROR;
				CLANG_WARN_DOCUMENTATION_COMMENTS = YES;
				CLANG_WARN_EMPTY_BODY = YES;
				CLANG_WARN_ENUM_CONVERSION = YES;
				CLANG_WARN_INFINITE_RECURSION = YES;
				CLANG_WARN_INT_CONVERSION = YES;
				CLANG_WARN_NON_LITERAL_NULL_CONVERSION = YES;
				CLANG_WARN_OBJC_IMPLICIT_RETAIN_SELF = YES;
				CLANG_WARN_OBJC_LITERAL_CONVERSION = YES;
				CLANG_WARN_OBJC_ROOT_CLASS = YES_ERROR;
				CLANG_WARN_QUOTED_INCLUDE_IN_FRAMEWORK_HEADER = YES;
				CLANG_WARN_RANGE_LOOP_ANALYSIS = YES;
				CLANG_WARN_STRICT_PROTOTYPES = YES;
				CLANG_WARN_SUSPICIOUS_MOVE = YES;
				CLANG_WARN_UNGUARDED_AVAILABILITY = YES_AGGRESSIVE;
				CLANG_WARN_UNREACHABLE_CODE = YES;
				CLANG_WARN__DUPLICATE_METHOD_MATCH = YES;
				COPY_PHASE_STRIP = NO;
				DEBUG_INFORMATION_FORMAT = "dwarf-with-dsym";
				ENABLE_NS_ASSERTIONS = NO;
				ENABLE_STRICT_OBJC_MSGSEND = YES;
				ENABLE_USER_SCRIPT_SANDBOXING = NO;
				GCC_C_LANGUAGE_STANDARD = gnu17;
				GCC_NO_COMMON_BLOCKS = YES;
				GCC_WARN_64_TO_32_BIT_CONVERSION = YES;
				GCC_WARN_ABOUT_RETURN_TYPE = YES_ERROR;
				GCC_WARN_UNDECLARED_SELECTOR = YES;
				GCC_WARN_UNINITIALIZED_AUTOS = YES_AGGRESSIVE;
				GCC_WARN_UNUSED_FUNCTION = YES;
				GCC_WARN_UNUSED_VARIABLE = YES;
				IPHONEOS_DEPLOYMENT_TARGET = 18.2;
				LOCALIZATION_PREFERS_STRING_CATALOGS = YES;
				MTL_ENABLE_DEBUG_INFO = NO;
				MTL_FAST_MATH = YES;
				SDKROOT = iphoneos;
				SWIFT_COMPILATION_MODE = wholemodule;
				SWIFT_EMIT_LOC_STRINGS = YES;
				VALIDATE_PRODUCT = YES;
			};
			name = Release;
		};
		D1D5A1F82D689FE5000692F8 /* Debug */ = {
			isa = XCBuildConfiguration;
			buildSettings = {
				BUNDLE_LOADER = "$(TEST_HOST)";
				CODE_SIGN_STYLE = Automatic;
				CURRENT_PROJECT_VERSION = 1;
				DEVELOPMENT_TEAM = T8PGL5ANW7;
				GENERATE_INFOPLIST_FILE = YES;
				IPHONEOS_DEPLOYMENT_TARGET = 18.2;
				MARKETING_VERSION = 1.0;
				PRODUCT_BUNDLE_IDENTIFIER = com.dmuhia.ios.cryptoranktests;
				PRODUCT_NAME = "$(TARGET_NAME)";
				SWIFT_EMIT_LOC_STRINGS = NO;
				SWIFT_VERSION = 5.0;
				TARGETED_DEVICE_FAMILY = "1,2";
				TEST_HOST = "$(BUILT_PRODUCTS_DIR)/CryptoRank.app/$(BUNDLE_EXECUTABLE_FOLDER_PATH)/CryptoRank";
			};
			name = Debug;
		};
		D1D5A1F92D689FE5000692F8 /* Release */ = {
			isa = XCBuildConfiguration;
			buildSettings = {
				BUNDLE_LOADER = "$(TEST_HOST)";
				CODE_SIGN_STYLE = Automatic;
				CURRENT_PROJECT_VERSION = 1;
				DEVELOPMENT_TEAM = T8PGL5ANW7;
				GENERATE_INFOPLIST_FILE = YES;
				IPHONEOS_DEPLOYMENT_TARGET = 18.2;
				MARKETING_VERSION = 1.0;
				PRODUCT_BUNDLE_IDENTIFIER = com.dmuhia.ios.cryptoranktests;
				PRODUCT_NAME = "$(TARGET_NAME)";
				SWIFT_EMIT_LOC_STRINGS = NO;
				SWIFT_VERSION = 5.0;
				TARGETED_DEVICE_FAMILY = "1,2";
				TEST_HOST = "$(BUILT_PRODUCTS_DIR)/CryptoRank.app/$(BUNDLE_EXECUTABLE_FOLDER_PATH)/CryptoRank";
			};
			name = Release;
		};
		D1D5A1FB2D689FE5000692F8 /* Debug */ = {
			isa = XCBuildConfiguration;
			buildSettings = {
				CODE_SIGN_STYLE = Automatic;
				CURRENT_PROJECT_VERSION = 1;
				DEVELOPMENT_TEAM = T8PGL5ANW7;
				GENERATE_INFOPLIST_FILE = YES;
				MARKETING_VERSION = 1.0;
				PRODUCT_BUNDLE_IDENTIFIER = com.dmuhia.ios.cryptorankuItests;
				PRODUCT_NAME = "$(TARGET_NAME)";
				SWIFT_EMIT_LOC_STRINGS = NO;
				SWIFT_VERSION = 5.0;
				TARGETED_DEVICE_FAMILY = "1,2";
				TEST_TARGET_NAME = CryptoRank;
			};
			name = Debug;
		};
		D1D5A1FC2D689FE5000692F8 /* Release */ = {
			isa = XCBuildConfiguration;
			buildSettings = {
				CODE_SIGN_STYLE = Automatic;
				CURRENT_PROJECT_VERSION = 1;
				DEVELOPMENT_TEAM = T8PGL5ANW7;
				GENERATE_INFOPLIST_FILE = YES;
				MARKETING_VERSION = 1.0;
				PRODUCT_BUNDLE_IDENTIFIER = com.dmuhia.ios.cryptorankuItests;
				PRODUCT_NAME = "$(TARGET_NAME)";
				SWIFT_EMIT_LOC_STRINGS = NO;
				SWIFT_VERSION = 5.0;
				TARGETED_DEVICE_FAMILY = "1,2";
				TEST_TARGET_NAME = CryptoRank;
			};
			name = Release;
		};
/* End XCBuildConfiguration section */

/* Begin XCConfigurationList section */
		D1D5A1C12D689FE3000692F8 /* Build configuration list for PBXProject "CryptoRank" */ = {
			isa = XCConfigurationList;
			buildConfigurations = (
				D1D5A1F52D689FE5000692F8 /* Debug */,
				D1D5A1F62D689FE5000692F8 /* Release */,
			);
			defaultConfigurationIsVisible = 0;
			defaultConfigurationName = Release;
		};
		D1D5A1F22D689FE5000692F8 /* Build configuration list for PBXNativeTarget "CryptoRank" */ = {
			isa = XCConfigurationList;
			buildConfigurations = (
				D1D5A1F32D689FE5000692F8 /* Debug */,
				D1D5A1F42D689FE5000692F8 /* Release */,
			);
			defaultConfigurationIsVisible = 0;
			defaultConfigurationName = Release;
		};
		D1D5A1F72D689FE5000692F8 /* Build configuration list for PBXNativeTarget "CryptoRankTests" */ = {
			isa = XCConfigurationList;
			buildConfigurations = (
				D1D5A1F82D689FE5000692F8 /* Debug */,
				D1D5A1F92D689FE5000692F8 /* Release */,
			);
			defaultConfigurationIsVisible = 0;
			defaultConfigurationName = Release;
		};
		D1D5A1FA2D689FE5000692F8 /* Build configuration list for PBXNativeTarget "CryptoRankUITests" */ = {
			isa = XCConfigurationList;
			buildConfigurations = (
				D1D5A1FB2D689FE5000692F8 /* Debug */,
				D1D5A1FC2D689FE5000692F8 /* Release */,
			);
			defaultConfigurationIsVisible = 0;
			defaultConfigurationName = Release;
		};
/* End XCConfigurationList section */

/* Begin XCRemoteSwiftPackageReference section */
		D1502DDC2D6F9EF200AC1091 /* XCRemoteSwiftPackageReference "Charts" */ = {
			isa = XCRemoteSwiftPackageReference;
			repositoryURL = "https://github.com/danielgindi/Charts.git";
			requirement = {
				kind = upToNextMajorVersion;
				minimumVersion = 5.1.0;
			};
		};
		D1502E5A2D718DD500AC1091 /* XCRemoteSwiftPackageReference "SDWebImageSVGCoder" */ = {
			isa = XCRemoteSwiftPackageReference;
			repositoryURL = "https://github.com/SDWebImage/SDWebImageSVGCoder.git";
			requirement = {
				kind = upToNextMajorVersion;
				minimumVersion = 1.8.0;
			};
		};
		D15631D02D72FBB300572534 /* XCRemoteSwiftPackageReference "xcstrings-tool-plugin" */ = {
			isa = XCRemoteSwiftPackageReference;
			repositoryURL = "https://github.com/liamnichols/xcstrings-tool-plugin";
			requirement = {
				kind = upToNextMajorVersion;
				minimumVersion = 1.0.0;
			};
		};
/* End XCRemoteSwiftPackageReference section */

/* Begin XCSwiftPackageProductDependency section */
		D1502DDD2D6F9EF200AC1091 /* DGCharts */ = {
			isa = XCSwiftPackageProductDependency;
			package = D1502DDC2D6F9EF200AC1091 /* XCRemoteSwiftPackageReference "Charts" */;
			productName = DGCharts;
		};
		D1502E5B2D718DD500AC1091 /* SDWebImageSVGCoder */ = {
			isa = XCSwiftPackageProductDependency;
			package = D1502E5A2D718DD500AC1091 /* XCRemoteSwiftPackageReference "SDWebImageSVGCoder" */;
			productName = SDWebImageSVGCoder;
		};
		D15631D12D72FBD100572534 /* XCStringsToolPlugin */ = {
			isa = XCSwiftPackageProductDependency;
			package = D15631D02D72FBB300572534 /* XCRemoteSwiftPackageReference "xcstrings-tool-plugin" */;
			productName = "plugin:XCStringsToolPlugin";
		};
/* End XCSwiftPackageProductDependency section */
	};
	rootObject = D1D5A1BE2D689FE3000692F8 /* Project object */;
}
